{
    "_readme": [
        "This file locks the dependencies of your project to a known state",
        "Read more about it at https://getcomposer.org/doc/01-basic-usage.md#composer-lock-the-lock-file",
        "This file is @generated automatically"
    ],
    "hash": "aa1d34f22f9e65f0267fb75e5b34b159",
    "content-hash": "b9e4c330ce9837f7ce3920d4dd0f6de3",
    "packages": [
        {
            "name": "mistic100/randomcolor",
            "version": "1.0.3",
            "source": {
                "type": "git",
                "url": "https://github.com/mistic100/RandomColor.php.git",
                "reference": "a0cfb1322c2184bcc0bd177c77658a0b750cc33e"
            },
            "dist": {
                "type": "zip",
                "url": "https://api.github.com/repos/mistic100/RandomColor.php/zipball/a0cfb1322c2184bcc0bd177c77658a0b750cc33e",
                "reference": "a0cfb1322c2184bcc0bd177c77658a0b750cc33e",
                "shasum": ""
            },
            "type": "library",
            "autoload": {
                "psr-4": {
                    "Colors\\": "src"
                }
            },
            "notification-url": "https://packagist.org/downloads/",
            "license": [
                "MIT"
            ],
            "authors": [
                {
                    "name": "Damien \"Mistic\" Sorel",
                    "email": "contact@git.strangeplanet.fr",
                    "homepage": "http://www.strangeplanet.fr"
                }
            ],
            "description": "Generate attractive random colors",
            "homepage": "https://github.com/mistic100/RandomColor.php",
            "keywords": [
                "color",
                "generator",
                "random"
            ],
            "time": "2015-09-30 18:54:16"
        }
    ],
    "packages-dev": [],
    "aliases": [],
    "minimum-stability": "stable",
    "stability-flags": [],
    "prefer-stable": false,
    "prefer-lowest": false,
    "platform": [],
    "platform-dev": []
}
